
Microsoft Visual Studio Solution File, Format Version 12.00
# Visual Studio Version 16
VisualStudioVersion = 16.0.32002.261
MinimumVisualStudioVersion = 10.0.40219.1
Project("{FAE04EC0-301F-11D3-BF4B-00C04F79EFBC}") = "MyChatRoom", "MyChatRoom\MyChatRoom.csproj", "{7832D065-C88B-47A4-9E61-873B84FD1726}"
EndProject
Global
	GlobalSection(SolutionConfigurationPlatforms) = preSolution
		Debug|Any CPU = Debug|Any CPU
		Release|Any CPU = Release|Any CPU
	EndGlobalSection
	GlobalSection(ProjectConfigurationPlatforms) = postSolution
		{7832D065-C88B-47A4-9E61-873B84FD1726}.Debug|Any CPU.ActiveCfg = Debug|Any CPU
		{7832D065-C88B-47A4-9E61-873B84FD1726}.Debug|Any CPU.Build.0 = Debug|Any CPU
		{7832D065-C88B-47A4-9E61-873B84FD1726}.Release|Any CPU.ActiveCfg = Release|Any CPU
		{7832D065-C88B-47A4-9E61-873B84FD1726}.Release|Any CPU.Build.0 = Release|Any CPU
	EndGlobalSection
	GlobalSection(SolutionProperties) = preSolution
		HideSolutionNode = FALSE
	EndGlobalSection
	GlobalSection(ExtensibilityGlobals) = postSolution
		SolutionGuid = {C345EC3F-99D6-41B5-9994-23FD2D7C01FC}
	EndGlobalSection
EndGlobal
